
Microsoft Visual Studio Solution File, Format Version 12.00
# Visual Studio Version 16
VisualStudioVersion = 16.0.30204.135
MinimumVisualStudioVersion = 10.0.40219.1
Project("{9A19103F-16F7-4668-BE54-9A1E7A4F7556}") = "MintPlayer.SeasonChecker", "MintPlayer.SeasonChecker\MintPlayer.SeasonChecker.csproj", "{CC364B0B-BA77-4BCA-94F8-5ACB2D6B08EC}"
EndProject
Project("{9A19103F-16F7-4668-BE54-9A1E7A4F7556}") = "MintPlayer.SeasonChecker.Test", "MintPlayer.SeasonChecker.Test\MintPlayer.SeasonChecker.Test.csproj", "{E6F37521-CB37-425A-BD33-1643A022F253}"
EndProject
Project("{FAE04EC0-301F-11D3-BF4B-00C04F79EFBC}") = "MintPlayer.SeasonChecker.Abstractions", "MintPlayer.SeasonChecker.Abstractions\MintPlayer.SeasonChecker.Abstractions.csproj", "{20F53AC3-5313-4CD6-97E4-5980A25C2A7B}"
EndProject
Global
	GlobalSection(SolutionConfigurationPlatforms) = preSolution
		Debug|Any CPU = Debug|Any CPU
		Release|Any CPU = Release|Any CPU
	EndGlobalSection
	GlobalSection(ProjectConfigurationPlatforms) = postSolution
		{CC364B0B-BA77-4BCA-94F8-5ACB2D6B08EC}.Debug|Any CPU.ActiveCfg = Debug|Any CPU
		{CC364B0B-BA77-4BCA-94F8-5ACB2D6B08EC}.Debug|Any CPU.Build.0 = Debug|Any CPU
		{CC364B0B-BA77-4BCA-94F8-5ACB2D6B08EC}.Release|Any CPU.ActiveCfg = Release|Any CPU
		{CC364B0B-BA77-4BCA-94F8-5ACB2D6B08EC}.Release|Any CPU.Build.0 = Release|Any CPU
		{E6F37521-CB37-425A-BD33-1643A022F253}.Debug|Any CPU.ActiveCfg = Debug|Any CPU
		{E6F37521-CB37-425A-BD33-1643A022F253}.Debug|Any CPU.Build.0 = Debug|Any CPU
		{E6F37521-CB37-425A-BD33-1643A022F253}.Release|Any CPU.ActiveCfg = Release|Any CPU
		{E6F37521-CB37-425A-BD33-1643A022F253}.Release|Any CPU.Build.0 = Release|Any CPU
		{20F53AC3-5313-4CD6-97E4-5980A25C2A7B}.Debug|Any CPU.ActiveCfg = Debug|Any CPU
		{20F53AC3-5313-4CD6-97E4-5980A25C2A7B}.Debug|Any CPU.Build.0 = Debug|Any CPU
		{20F53AC3-5313-4CD6-97E4-5980A25C2A7B}.Release|Any CPU.ActiveCfg = Release|Any CPU
		{20F53AC3-5313-4CD6-97E4-5980A25C2A7B}.Release|Any CPU.Build.0 = Release|Any CPU
	EndGlobalSection
	GlobalSection(SolutionProperties) = preSolution
		HideSolutionNode = FALSE
	EndGlobalSection
	GlobalSection(ExtensibilityGlobals) = postSolution
		SolutionGuid = {99B27C02-B843-4BFB-B042-0B300E1B800F}
	EndGlobalSection
EndGlobal
